uuid: 71f1bfbd-351e-4ae0-8d29-0ca849938d29
langcode: en
status: true
dependencies:
  module:
    - gogym_custom
    - node
    - user
  theme:
    - bartik
id: genderreportsummaryblock
theme: bartik
region: sidebar_second
weight: 0
provider: null
plugin: gender_report_summary_block
settings:
  id: gender_report_summary_block
  label: 'Gender report summary block'
  provider: gogym_custom
  label_display: visible
visibility:
  node_type:
    id: node_type
    bundles:
      gender_reports: gender_reports
    negate: false
    context_mapping:
      node: '@node.node_route_context:node'
  user_role:
    id: user_role
    roles:
      authenticated: authenticated
    negate: false
    context_mapping:
      user: '@user.current_user_context:current_user'
